// !$*UTF8*$!
{
	archiveVersion = 1;
	classes = {
	};
	objectVersion = 46;
	objects = {

/* Begin PBXBuildFile section */
		C417ACC01D3622BD00C29C43 /* CatCurl.sks in Resources */ = {isa = PBXBuildFile; fileRef = C417ACBF1D3622BD00C29C43 /* CatCurl.sks */; };
		C417ACC21D3623A000C29C43 /* CatWakeUp.sks in Resources */ = {isa = PBXBuildFile; fileRef = C417ACC11D3623A000C29C43 /* CatWakeUp.sks */; };
		C42E4B1F1D3C6793000FA628 /* BedNode.swift in Sources */ = {isa = PBXBuildFile; fileRef = C42E4B1E1D3C6793000FA628 /* BedNode.swift */; };
		C42E4B211D3CA445000FA628 /* CatNode.swift in Sources */ = {isa = PBXBuildFile; fileRef = C42E4B201D3CA445000FA628 /* CatNode.swift */; };
		C49989631D35CDAF0056DB6D /* AppDelegate.swift in Sources */ = {isa = PBXBuildFile; fileRef = C49989621D35CDAF0056DB6D /* AppDelegate.swift */; };
		C49989651D35CDAF0056DB6D /* GameScene.sks in Resources */ = {isa = PBXBuildFile; fileRef = C49989641D35CDAF0056DB6D /* GameScene.sks */; };
		C49989671D35CDAF0056DB6D /* GameScene.swift in Sources */ = {isa = PBXBuildFile; fileRef = C49989661D35CDAF0056DB6D /* GameScene.swift */; };
		C49989691D35CDAF0056DB6D /* GameViewController.swift in Sources */ = {isa = PBXBuildFile; fileRef = C49989681D35CDAF0056DB6D /* GameViewController.swift */; };
		C499896C1D35CDAF0056DB6D /* Main.storyboard in Resources */ = {isa = PBXBuildFile; fileRef = C499896A1D35CDAF0056DB6D /* Main.storyboard */; };
		C49989711D35CDAF0056DB6D /* LaunchScreen.storyboard in Resources */ = {isa = PBXBuildFile; fileRef = C499896F1D35CDAF0056DB6D /* LaunchScreen.storyboard */; };
		C49989791D35D0A20056DB6D /* Assets.xcassets in Resources */ = {isa = PBXBuildFile; fileRef = C49989781D35D0A20056DB6D /* Assets.xcassets */; };
		C49989811D35D1280056DB6D /* backgroundMusic.mp3 in Resources */ = {isa = PBXBuildFile; fileRef = C499897C1D35D1280056DB6D /* backgroundMusic.mp3 */; };
		C49989821D35D1280056DB6D /* lose.mp3 in Resources */ = {isa = PBXBuildFile; fileRef = C499897D1D35D1280056DB6D /* lose.mp3 */; };
		C49989831D35D1280056DB6D /* mrreow.mp3 in Resources */ = {isa = PBXBuildFile; fileRef = C499897E1D35D1280056DB6D /* mrreow.mp3 */; };
		C49989841D35D1280056DB6D /* pop.mp3 in Resources */ = {isa = PBXBuildFile; fileRef = C499897F1D35D1280056DB6D /* pop.mp3 */; };
		C49989851D35D1280056DB6D /* win.mp3 in Resources */ = {isa = PBXBuildFile; fileRef = C49989801D35D1280056DB6D /* win.mp3 */; };
		C499898A1D35E95E0056DB6D /* Cat.sks in Resources */ = {isa = PBXBuildFile; fileRef = C49989891D35E95E0056DB6D /* Cat.sks */; };
/* End PBXBuildFile section */

/* Begin PBXFileReference section */
		C417ACBF1D3622BD00C29C43 /* CatCurl.sks */ = {isa = PBXFileReference; lastKnownFileType = file.sks; path = CatCurl.sks; sourceTree = "<group>"; };
		C417ACC11D3623A000C29C43 /* CatWakeUp.sks */ = {isa = PBXFileReference; lastKnownFileType = file.sks; path = CatWakeUp.sks; sourceTree = "<group>"; };
		C42E4B1E1D3C6793000FA628 /* BedNode.swift */ = {isa = PBXFileReference; fileEncoding = 4; lastKnownFileType = sourcecode.swift; path = BedNode.swift; sourceTree = "<group>"; };
		C42E4B201D3CA445000FA628 /* CatNode.swift */ = {isa = PBXFileReference; fileEncoding = 4; lastKnownFileType = sourcecode.swift; path = CatNode.swift; sourceTree = "<group>"; };
		C499895F1D35CDAF0056DB6D /* CatNap.app */ = {isa = PBXFileReference; explicitFileType = wrapper.application; includeInIndex = 0; path = CatNap.app; sourceTree = BUILT_PRODUCTS_DIR; };
		C49989621D35CDAF0056DB6D /* AppDelegate.swift */ = {isa = PBXFileReference; lastKnownFileType = sourcecode.swift; path = AppDelegate.swift; sourceTree = "<group>"; };
		C49989641D35CDAF0056DB6D /* GameScene.sks */ = {isa = PBXFileReference; lastKnownFileType = file.sks; path = GameScene.sks; sourceTree = "<group>"; };
		C49989661D35CDAF0056DB6D /* GameScene.swift */ = {isa = PBXFileReference; lastKnownFileType = sourcecode.swift; path = GameScene.swift; sourceTree = "<group>"; };
		C49989681D35CDAF0056DB6D /* GameViewController.swift */ = {isa = PBXFileReference; lastKnownFileType = sourcecode.swift; path = GameViewController.swift; sourceTree = "<group>"; };
		C499896B1D35CDAF0056DB6D /* Base */ = {isa = PBXFileReference; lastKnownFileType = file.storyboard; name = Base; path = Base.lproj/Main.storyboard; sourceTree = "<group>"; };
		C49989701D35CDAF0056DB6D /* Base */ = {isa = PBXFileReference; lastKnownFileType = file.storyboard; name = Base; path = Base.lproj/LaunchScreen.storyboard; sourceTree = "<group>"; };
		C49989721D35CDAF0056DB6D /* Info.plist */ = {isa = PBXFileReference; lastKnownFileType = text.plist.xml; path = Info.plist; sourceTree = "<group>"; };
		C49989781D35D0A20056DB6D /* Assets.xcassets */ = {isa = PBXFileReference; lastKnownFileType = folder.assetcatalog; path = Assets.xcassets; sourceTree = "<group>"; };
		C499897C1D35D1280056DB6D /* backgroundMusic.mp3 */ = {isa = PBXFileReference; lastKnownFileType = audio.mp3; name = backgroundMusic.mp3; path = CatNap/Resources/Sounds/backgroundMusic.mp3; sourceTree = "<group>"; };
		C499897D1D35D1280056DB6D /* lose.mp3 */ = {isa = PBXFileReference; lastKnownFileType = audio.mp3; name = lose.mp3; path = CatNap/Resources/Sounds/lose.mp3; sourceTree = "<group>"; };
		C499897E1D35D1280056DB6D /* mrreow.mp3 */ = {isa = PBXFileReference; lastKnownFileType = audio.mp3; name = mrreow.mp3; path = CatNap/Resources/Sounds/mrreow.mp3; sourceTree = "<group>"; };
		C499897F1D35D1280056DB6D /* pop.mp3 */ = {isa = PBXFileReference; lastKnownFileType = audio.mp3; name = pop.mp3; path = CatNap/Resources/Sounds/pop.mp3; sourceTree = "<group>"; };
		C49989801D35D1280056DB6D /* win.mp3 */ = {isa = PBXFileReference; lastKnownFileType = audio.mp3; name = win.mp3; path = CatNap/Resources/Sounds/win.mp3; sourceTree = "<group>"; };
		C49989891D35E95E0056DB6D /* Cat.sks */ = {isa = PBXFileReference; lastKnownFileType = file.sks; path = Cat.sks; sourceTree = "<group>"; };
		C4D024D71D3723B6006A43A6 /* SpriteKitPhysicsTest.playground */ = {isa = PBXFileReference; lastKnownFileType = file.playground; path = SpriteKitPhysicsTest.playground; sourceTree = "<group>"; };
/* End PBXFileReference section */

/* Begin PBXFrameworksBuildPhase section */
		C499895C1D35CDAF0056DB6D /* Frameworks */ = {
			isa = PBXFrameworksBuildPhase;
			buildActionMask = 2147483647;
			files = (
			);
			runOnlyForDeploymentPostprocessing = 0;
		};
/* End PBXFrameworksBuildPhase section */

/* Begin PBXGroup section */
		C49989561D35CDAF0056DB6D = {
			isa = PBXGroup;
			children = (
				C4D024D71D3723B6006A43A6 /* SpriteKitPhysicsTest.playground */,
				C49989611D35CDAF0056DB6D /* CatNap */,
				C49989601D35CDAF0056DB6D /* Products */,
			);
			sourceTree = "<group>";
		};
		C49989601D35CDAF0056DB6D /* Products */ = {
			isa = PBXGroup;
			children = (
				C499895F1D35CDAF0056DB6D /* CatNap.app */,
			);
			name = Products;
			sourceTree = "<group>";
		};
		C49989611D35CDAF0056DB6D /* CatNap */ = {
			isa = PBXGroup;
			children = (
				C49989881D35E9400056DB6D /* Scenes */,
				C49989621D35CDAF0056DB6D /* AppDelegate.swift */,
				C49989661D35CDAF0056DB6D /* GameScene.swift */,
				C42E4B1E1D3C6793000FA628 /* BedNode.swift */,
				C42E4B201D3CA445000FA628 /* CatNode.swift */,
				C49989681D35CDAF0056DB6D /* GameViewController.swift */,
				C499896A1D35CDAF0056DB6D /* Main.storyboard */,
				C499896F1D35CDAF0056DB6D /* LaunchScreen.storyboard */,
				C49989781D35D0A20056DB6D /* Assets.xcassets */,
				C499897A1D35D0CD0056DB6D /* Resources */,
				C49989721D35CDAF0056DB6D /* Info.plist */,
			);
			path = CatNap;
			sourceTree = "<group>";
		};
		C499897A1D35D0CD0056DB6D /* Resources */ = {
			isa = PBXGroup;
			children = (
				C499897B1D35D0D90056DB6D /* Sounds */,
			);
			name = Resources;
			path = ..;
			sourceTree = "<group>";
		};
		C499897B1D35D0D90056DB6D /* Sounds */ = {
			isa = PBXGroup;
			children = (
				C499897C1D35D1280056DB6D /* backgroundMusic.mp3 */,
				C499897D1D35D1280056DB6D /* lose.mp3 */,
				C499897E1D35D1280056DB6D /* mrreow.mp3 */,
				C499897F1D35D1280056DB6D /* pop.mp3 */,
				C49989801D35D1280056DB6D /* win.mp3 */,
			);
			name = Sounds;
			sourceTree = "<group>";
		};
		C49989881D35E9400056DB6D /* Scenes */ = {
			isa = PBXGroup;
			children = (
				C49989641D35CDAF0056DB6D /* GameScene.sks */,
				C49989891D35E95E0056DB6D /* Cat.sks */,
				C417ACBF1D3622BD00C29C43 /* CatCurl.sks */,
				C417ACC11D3623A000C29C43 /* CatWakeUp.sks */,
			);
			name = Scenes;
			sourceTree = "<group>";
		};
/* End PBXGroup section */

/* Begin PBXNativeTarget section */
		C499895E1D35CDAF0056DB6D /* CatNap */ = {
			isa = PBXNativeTarget;
			buildConfigurationList = C49989751D35CDAF0056DB6D /* Build configuration list for PBXNativeTarget "CatNap" */;
			buildPhases = (
				C499895B1D35CDAF0056DB6D /* Sources */,
				C499895C1D35CDAF0056DB6D /* Frameworks */,
				C499895D1D35CDAF0056DB6D /* Resources */,
			);
			buildRules = (
			);
			dependencies = (
			);
			name = CatNap;
			productName = CatNap;
			productReference = C499895F1D35CDAF0056DB6D /* CatNap.app */;
			productType = "com.apple.product-type.application";
		};
/* End PBXNativeTarget section */

/* Begin PBXProject section */
		C49989571D35CDAF0056DB6D /* Project object */ = {
			isa = PBXProject;
			attributes = {
				LastSwiftUpdateCheck = 0730;
				LastUpgradeCheck = 0730;
				ORGANIZATIONNAME = JackMa;
				TargetAttributes = {
					C499895E1D35CDAF0056DB6D = {
						CreatedOnToolsVersion = 7.3.1;
						DevelopmentTeam = 2658KK4JZ7;
					};
				};
			};
			buildConfigurationList = C499895A1D35CDAF0056DB6D /* Build configuration list for PBXProject "CatNap" */;
			compatibilityVersion = "Xcode 3.2";
			developmentRegion = English;
			hasScannedForEncodings = 0;
			knownRegions = (
				en,
				Base,
			);
			mainGroup = C49989561D35CDAF0056DB6D;
			productRefGroup = C49989601D35CDAF0056DB6D /* Products */;
			projectDirPath = "";
			projectRoot = "";
			targets = (
				C499895E1D35CDAF0056DB6D /* CatNap */,
			);
		};
/* End PBXProject section */

/* Begin PBXResourcesBuildPhase section */
		C499895D1D35CDAF0056DB6D /* Resources */ = {
			isa = PBXResourcesBuildPhase;
			buildActionMask = 2147483647;
			files = (
				C499898A1D35E95E0056DB6D /* Cat.sks in Resources */,
				C49989851D35D1280056DB6D /* win.mp3 in Resources */,
				C49989651D35CDAF0056DB6D /* GameScene.sks in Resources */,
				C417ACC01D3622BD00C29C43 /* CatCurl.sks in Resources */,
				C49989711D35CDAF0056DB6D /* LaunchScreen.storyboard in Resources */,
				C49989791D35D0A20056DB6D /* Assets.xcassets in Resources */,
				C49989811D35D1280056DB6D /* backgroundMusic.mp3 in Resources */,
				C49989841D35D1280056DB6D /* pop.mp3 in Resources */,
				C49989831D35D1280056DB6D /* mrreow.mp3 in Resources */,
				C417ACC21D3623A000C29C43 /* CatWakeUp.sks in Resources */,
				C499896C1D35CDAF0056DB6D /* Main.storyboard in Resources */,
				C49989821D35D1280056DB6D /* lose.mp3 in Resources */,
			);
			runOnlyForDeploymentPostprocessing = 0;
		};
/* End PBXResourcesBuildPhase section */

/* Begin PBXSourcesBuildPhase section */
		C499895B1D35CDAF0056DB6D /* Sources */ = {
			isa = PBXSourcesBuildPhase;
			buildActionMask = 2147483647;
			files = (
				C49989671D35CDAF0056DB6D /* GameScene.swift in Sources */,
				C42E4B211D3CA445000FA628 /* CatNode.swift in Sources */,
				C42E4B1F1D3C6793000FA628 /* BedNode.swift in Sources */,
				C49989691D35CDAF0056DB6D /* GameViewController.swift in Sources */,
				C49989631D35CDAF0056DB6D /* AppDelegate.swift in Sources */,
			);
			runOnlyForDeploymentPostprocessing = 0;
		};
/* End PBXSourcesBuildPhase section */

/* Begin PBXVariantGroup section */
		C499896A1D35CDAF0056DB6D /* Main.storyboard */ = {
			isa = PBXVariantGroup;
			children = (
				C499896B1D35CDAF0056DB6D /* Base */,
			);
			name = Main.storyboard;
			sourceTree = "<group>";
		};
		C499896F1D35CDAF0056DB6D /* LaunchScreen.storyboard */ = {
			isa = PBXVariantGroup;
			children = (
				C49989701D35CDAF0056DB6D /* Base */,
			);
			name = LaunchScreen.storyboard;
			sourceTree = "<group>";
		};
/* End PBXVariantGroup section */

/* Begin XCBuildConfiguration section */
		C49989731D35CDAF0056DB6D /* Debug */ = {
			isa = XCBuildConfiguration;
			buildSettings = {
				ALWAYS_SEARCH_USER_PATHS = NO;
				CLANG_ANALYZER_NONNULL = YES;
				CLANG_CXX_LANGUAGE_STANDARD = "gnu++0x";
				CLANG_CXX_LIBRARY = "libc++";
				CLANG_ENABLE_MODULES = YES;
				CLANG_ENABLE_OBJC_ARC = YES;
				CLANG_WARN_BOOL_CONVERSION = YES;
				CLANG_WARN_CONSTANT_CONVERSION = YES;
				CLANG_WARN_DIRECT_OBJC_ISA_USAGE = YES_ERROR;
				CLANG_WARN_EMPTY_BODY = YES;
				CLANG_WARN_ENUM_CONVERSION = YES;
				CLANG_WARN_INT_CONVERSION = YES;
				CLANG_WARN_OBJC_ROOT_CLASS = YES_ERROR;
				CLANG_WARN_UNREACHABLE_CODE = YES;
				CLANG_WARN__DUPLICATE_METHOD_MATCH = YES;
				"CODE_SIGN_IDENTITY[sdk=iphoneos*]" = "iPhone Developer";
				COPY_PHASE_STRIP = NO;
				DEBUG_INFORMATION_FORMAT = "dwarf-with-dsym";
				ENABLE_STRICT_OBJC_MSGSEND = YES;
				ENABLE_TESTABILITY = YES;
				GCC_C_LANGUAGE_STANDARD = gnu99;
				GCC_DYNAMIC_NO_PIC = NO;
				GCC_NO_COMMON_BLOCKS = YES;
				GCC_OPTIMIZATION_LEVEL = 0;
				GCC_PREPROCESSOR_DEFINITIONS = (
					"DEBUG=1",
					"$(inherited)",
				);
				GCC_WARN_64_TO_32_BIT_CONVERSION = YES;
				GCC_WARN_ABOUT_RETURN_TYPE = YES_ERROR;
				GCC_WARN_UNDECLARED_SELECTOR = YES;
				GCC_WARN_UNINITIALIZED_AUTOS = YES_AGGRESSIVE;
				GCC_WARN_UNUSED_FUNCTION = YES;
				GCC_WARN_UNUSED_VARIABLE = YES;
				IPHONEOS_DEPLOYMENT_TARGET = 9.3;
				MTL_ENABLE_DEBUG_INFO = YES;
				ONLY_ACTIVE_ARCH = YES;
				SDKROOT = iphoneos;
				SWIFT_OPTIMIZATION_LEVEL = "-Onone";
				TARGETED_DEVICE_FAMILY = "1,2";
			};
			name = Debug;
		};
		C49989741D35CDAF0056DB6D /* Release */ = {
			isa = XCBuildConfiguration;
			buildSettings = {
				ALWAYS_SEARCH_USER_PATHS = NO;
				CLANG_ANALYZER_NONNULL = YES;
				CLANG_CXX_LANGUAGE_STANDARD = "gnu++0x";
				CLANG_CXX_LIBRARY = "libc++";
				CLANG_ENABLE_MODULES = YES;
				CLANG_ENABLE_OBJC_ARC = YES;
				CLANG_WARN_BOOL_CONVERSION = YES;
				CLANG_WARN_CONSTANT_CONVERSION = YES;
				CLANG_WARN_DIRECT_OBJC_ISA_USAGE = YES_ERROR;
				CLANG_WARN_EMPTY_BODY = YES;
				CLANG_WARN_ENUM_CONVERSION = YES;
				CLANG_WARN_INT_CONVERSION = YES;
				CLANG_WARN_OBJC_ROOT_CLASS = YES_ERROR;
				CLANG_WARN_UNREACHABLE_CODE = YES;
				CLANG_WARN__DUPLICATE_METHOD_MATCH = YES;
				"CODE_SIGN_IDENTITY[sdk=iphoneos*]" = "iPhone Developer";
				COPY_PHASE_STRIP = NO;
				DEBUG_INFORMATION_FORMAT = "dwarf-with-dsym";
				ENABLE_NS_ASSERTIONS = NO;
				ENABLE_STRICT_OBJC_MSGSEND = YES;
				GCC_C_LANGUAGE_STANDARD = gnu99;
				GCC_NO_COMMON_BLOCKS = YES;
				GCC_WARN_64_TO_32_BIT_CONVERSION = YES;
				GCC_WARN_ABOUT_RETURN_TYPE = YES_ERROR;
				GCC_WARN_UNDECLARED_SELECTOR = YES;
				GCC_WARN_UNINITIALIZED_AUTOS = YES_AGGRESSIVE;
				GCC_WARN_UNUSED_FUNCTION = YES;
				GCC_WARN_UNUSED_VARIABLE = YES;
				IPHONEOS_DEPLOYMENT_TARGET = 9.3;
				MTL_ENABLE_DEBUG_INFO = NO;
				SDKROOT = iphoneos;
				TARGETED_DEVICE_FAMILY = "1,2";
				VALIDATE_PRODUCT = YES;
			};
			name = Release;
		};
		C49989761D35CDAF0056DB6D /* Debug */ = {
			isa = XCBuildConfiguration;
			buildSettings = {
				ASSETCATALOG_COMPILER_APPICON_NAME = AppIcon;
				INFOPLIST_FILE = CatNap/Info.plist;
				LD_RUNPATH_SEARCH_PATHS = "$(inherited) @executable_path/Frameworks";
				PRODUCT_BUNDLE_IDENTIFIER = qq100858433.CatNap;
				PRODUCT_NAME = "$(TARGET_NAME)";
				TARGETED_DEVICE_FAMILY = "1,2";
			};
			name = Debug;
		};
		C49989771D35CDAF0056DB6D /* Release */ = {
			isa = XCBuildConfiguration;
			buildSettings = {
				ASSETCATALOG_COMPILER_APPICON_NAME = AppIcon;
				INFOPLIST_FILE = CatNap/Info.plist;
				LD_RUNPATH_SEARCH_PATHS = "$(inherited) @executable_path/Frameworks";
				PRODUCT_BUNDLE_IDENTIFIER = qq100858433.CatNap;
				PRODUCT_NAME = "$(TARGET_NAME)";
				TARGETED_DEVICE_FAMILY = "1,2";
			};
			name = Release;
		};
/* End XCBuildConfiguration section */

/* Begin XCConfigurationList section */
		C499895A1D35CDAF0056DB6D /* Build configuration list for PBXProject "CatNap" */ = {
			isa = XCConfigurationList;
			buildConfigurations = (
				C49989731D35CDAF0056DB6D /* Debug */,
				C49989741D35CDAF0056DB6D /* Release */,
			);
			defaultConfigurationIsVisible = 0;
			defaultConfigurationName = Release;
		};
		C49989751D35CDAF0056DB6D /* Build configuration list for PBXNativeTarget "CatNap" */ = {
			isa = XCConfigurationList;
			buildConfigurations = (
				C49989761D35CDAF0056DB6D /* Debug */,
				C49989771D35CDAF0056DB6D /* Release */,
			);
			defaultConfigurationIsVisible = 0;
			defaultConfigurationName = Release;
		};
/* End XCConfigurationList section */
	};
	rootObject = C49989571D35CDAF0056DB6D /* Project object */;
}
